
Microsoft Visual Studio Solution File, Format Version 12.00
# Visual Studio Version 17
VisualStudioVersion = 17.7.33808.371
MinimumVisualStudioVersion = 10.0.40219.1
Project("{9A19103F-16F7-4668-BE54-9A1E7A4F7556}") = "CSharpExample1", "src\CSharpExample1\CSharpExample1.csproj", "{F6FB7029-03EF-4864-99D9-E78E7F04B66F}"
EndProject
Project("{2150E333-8FDC-42A3-9474-1A3956D46DE8}") = "SolutionItems", "SolutionItems", "{2CBD8773-D952-4C9E-88B5-6BF9B2DF8EFD}"
	ProjectSection(SolutionItems) = preProject
		Directory.Build.props = Directory.Build.props
		global.json = global.json
		nuget.config = nuget.config
	EndProjectSection
EndProject
Project("{9A19103F-16F7-4668-BE54-9A1E7A4F7556}") = "CSharpExample2", "src\CSharpExample2\CSharpExample2.csproj", "{BF0E76A2-330A-412C-B480-5ED736A1D87B}"
EndProject
Project("{FAE04EC0-301F-11D3-BF4B-00C04F79EFBC}") = "CSharpExample3", "src\CSharpExample3\CSharpExample3.csproj", "{E02F650C-52C5-4939-B7F4-17F29B19580B}"
EndProject
Project("{F2A71F9B-5D33-465A-A702-920D77279786}") = "FSharpExample1", "src\FSharpExample1\FSharpExample1.fsproj", "{4887D2A1-694E-448B-AC7F-07BA80C2E259}"
EndProject
Project("{F2A71F9B-5D33-465A-A702-920D77279786}") = "FSharpExample2", "src\FSharpExample2\FSharpExample2.fsproj", "{B9EB103F-0977-413C-8DFF-294EF2C1ADA0}"
EndProject
Project("{F2A71F9B-5D33-465A-A702-920D77279786}") = "FSharpExample3", "src\FSharpExample3\FSharpExample3.fsproj", "{DF145F68-CFF1-4860-A824-8F7ECD821549}"
EndProject
Global
	GlobalSection(SolutionConfigurationPlatforms) = preSolution
		Debug|Any CPU = Debug|Any CPU
		Release|Any CPU = Release|Any CPU
	EndGlobalSection
	GlobalSection(ProjectConfigurationPlatforms) = postSolution
		{F6FB7029-03EF-4864-99D9-E78E7F04B66F}.Debug|Any CPU.ActiveCfg = Debug|Any CPU
		{F6FB7029-03EF-4864-99D9-E78E7F04B66F}.Debug|Any CPU.Build.0 = Debug|Any CPU
		{F6FB7029-03EF-4864-99D9-E78E7F04B66F}.Release|Any CPU.ActiveCfg = Release|Any CPU
		{F6FB7029-03EF-4864-99D9-E78E7F04B66F}.Release|Any CPU.Build.0 = Release|Any CPU
		{BF0E76A2-330A-412C-B480-5ED736A1D87B}.Debug|Any CPU.ActiveCfg = Debug|Any CPU
		{BF0E76A2-330A-412C-B480-5ED736A1D87B}.Debug|Any CPU.Build.0 = Debug|Any CPU
		{BF0E76A2-330A-412C-B480-5ED736A1D87B}.Release|Any CPU.ActiveCfg = Release|Any CPU
		{BF0E76A2-330A-412C-B480-5ED736A1D87B}.Release|Any CPU.Build.0 = Release|Any CPU
		{E02F650C-52C5-4939-B7F4-17F29B19580B}.Debug|Any CPU.ActiveCfg = Debug|Any CPU
		{E02F650C-52C5-4939-B7F4-17F29B19580B}.Debug|Any CPU.Build.0 = Debug|Any CPU
		{E02F650C-52C5-4939-B7F4-17F29B19580B}.Release|Any CPU.ActiveCfg = Release|Any CPU
		{E02F650C-52C5-4939-B7F4-17F29B19580B}.Release|Any CPU.Build.0 = Release|Any CPU
		{4887D2A1-694E-448B-AC7F-07BA80C2E259}.Debug|Any CPU.ActiveCfg = Debug|Any CPU
		{4887D2A1-694E-448B-AC7F-07BA80C2E259}.Debug|Any CPU.Build.0 = Debug|Any CPU
		{4887D2A1-694E-448B-AC7F-07BA80C2E259}.Release|Any CPU.ActiveCfg = Release|Any CPU
		{4887D2A1-694E-448B-AC7F-07BA80C2E259}.Release|Any CPU.Build.0 = Release|Any CPU
		{B9EB103F-0977-413C-8DFF-294EF2C1ADA0}.Debug|Any CPU.ActiveCfg = Debug|Any CPU
		{B9EB103F-0977-413C-8DFF-294EF2C1ADA0}.Debug|Any CPU.Build.0 = Debug|Any CPU
		{B9EB103F-0977-413C-8DFF-294EF2C1ADA0}.Release|Any CPU.ActiveCfg = Release|Any CPU
		{B9EB103F-0977-413C-8DFF-294EF2C1ADA0}.Release|Any CPU.Build.0 = Release|Any CPU
		{DF145F68-CFF1-4860-A824-8F7ECD821549}.Debug|Any CPU.ActiveCfg = Debug|Any CPU
		{DF145F68-CFF1-4860-A824-8F7ECD821549}.Debug|Any CPU.Build.0 = Debug|Any CPU
		{DF145F68-CFF1-4860-A824-8F7ECD821549}.Release|Any CPU.ActiveCfg = Release|Any CPU
		{DF145F68-CFF1-4860-A824-8F7ECD821549}.Release|Any CPU.Build.0 = Release|Any CPU
	EndGlobalSection
	GlobalSection(SolutionProperties) = preSolution
		HideSolutionNode = FALSE
	EndGlobalSection
	GlobalSection(ExtensibilityGlobals) = postSolution
		SolutionGuid = {D8CB630B-9064-4A59-9B0D-BEB163E13508}
	EndGlobalSection
EndGlobal
